
Microsoft Visual Studio Solution File, Format Version 12.00
# Visual Studio Version 17
VisualStudioVersion = 17.0.31423.177
MinimumVisualStudioVersion = 10.0.40219.1
Project("{2150E333-8FDC-42A3-9474-1A3956D46DE8}") = "Content", "Content", "{64DF28AB-52F8-444D-BB84-31108FFAD6FE}"
EndProject
Project("{9A19103F-16F7-4668-BE54-9A1E7A4F7556}") = "MudBlazorWasm", "Content\MudBlazorWasm\MudBlazorWasm.csproj", "{C9F6FFC0-776D-4D88-A457-64F3A1861E2B}"
EndProject
Project("{9A19103F-16F7-4668-BE54-9A1E7A4F7556}") = "MudBlazorServer", "Content\MudBlazorServer\MudBlazorServer.csproj", "{C50881B7-333C-4C4B-BFBA-712E2CDCE275}"
EndProject
Global
	GlobalSection(SolutionConfigurationPlatforms) = preSolution
		Debug|Any CPU = Debug|Any CPU
		Debug|x64 = Debug|x64
		Debug|x86 = Debug|x86
		Release|Any CPU = Release|Any CPU
		Release|x64 = Release|x64
		Release|x86 = Release|x86
	EndGlobalSection
	GlobalSection(ProjectConfigurationPlatforms) = postSolution
		{C9F6FFC0-776D-4D88-A457-64F3A1861E2B}.Debug|Any CPU.ActiveCfg = Debug|Any CPU
		{C9F6FFC0-776D-4D88-A457-64F3A1861E2B}.Debug|Any CPU.Build.0 = Debug|Any CPU
		{C9F6FFC0-776D-4D88-A457-64F3A1861E2B}.Debug|x64.ActiveCfg = Debug|Any CPU
		{C9F6FFC0-776D-4D88-A457-64F3A1861E2B}.Debug|x64.Build.0 = Debug|Any CPU
		{C9F6FFC0-776D-4D88-A457-64F3A1861E2B}.Debug|x86.ActiveCfg = Debug|Any CPU
		{C9F6FFC0-776D-4D88-A457-64F3A1861E2B}.Debug|x86.Build.0 = Debug|Any CPU
		{C9F6FFC0-776D-4D88-A457-64F3A1861E2B}.Release|Any CPU.ActiveCfg = Release|Any CPU
		{C9F6FFC0-776D-4D88-A457-64F3A1861E2B}.Release|Any CPU.Build.0 = Release|Any CPU
		{C9F6FFC0-776D-4D88-A457-64F3A1861E2B}.Release|x64.ActiveCfg = Release|Any CPU
		{C9F6FFC0-776D-4D88-A457-64F3A1861E2B}.Release|x64.Build.0 = Release|Any CPU
		{C9F6FFC0-776D-4D88-A457-64F3A1861E2B}.Release|x86.ActiveCfg = Release|Any CPU
		{C9F6FFC0-776D-4D88-A457-64F3A1861E2B}.Release|x86.Build.0 = Release|Any CPU
		{C50881B7-333C-4C4B-BFBA-712E2CDCE275}.Debug|Any CPU.ActiveCfg = Debug|Any CPU
		{C50881B7-333C-4C4B-BFBA-712E2CDCE275}.Debug|Any CPU.Build.0 = Debug|Any CPU
		{C50881B7-333C-4C4B-BFBA-712E2CDCE275}.Debug|x64.ActiveCfg = Debug|Any CPU
		{C50881B7-333C-4C4B-BFBA-712E2CDCE275}.Debug|x64.Build.0 = Debug|Any CPU
		{C50881B7-333C-4C4B-BFBA-712E2CDCE275}.Debug|x86.ActiveCfg = Debug|Any CPU
		{C50881B7-333C-4C4B-BFBA-712E2CDCE275}.Debug|x86.Build.0 = Debug|Any CPU
		{C50881B7-333C-4C4B-BFBA-712E2CDCE275}.Release|Any CPU.ActiveCfg = Release|Any CPU
		{C50881B7-333C-4C4B-BFBA-712E2CDCE275}.Release|Any CPU.Build.0 = Release|Any CPU
		{C50881B7-333C-4C4B-BFBA-712E2CDCE275}.Release|x64.ActiveCfg = Release|Any CPU
		{C50881B7-333C-4C4B-BFBA-712E2CDCE275}.Release|x64.Build.0 = Release|Any CPU
		{C50881B7-333C-4C4B-BFBA-712E2CDCE275}.Release|x86.ActiveCfg = Release|Any CPU
		{C50881B7-333C-4C4B-BFBA-712E2CDCE275}.Release|x86.Build.0 = Release|Any CPU
	EndGlobalSection
	GlobalSection(SolutionProperties) = preSolution
		HideSolutionNode = FALSE
	EndGlobalSection
	GlobalSection(NestedProjects) = preSolution
		{C9F6FFC0-776D-4D88-A457-64F3A1861E2B} = {64DF28AB-52F8-444D-BB84-31108FFAD6FE}
		{C50881B7-333C-4C4B-BFBA-712E2CDCE275} = {64DF28AB-52F8-444D-BB84-31108FFAD6FE}
	EndGlobalSection
	GlobalSection(ExtensibilityGlobals) = postSolution
		SolutionGuid = {16CF56D2-E5F3-4A3D-BB0C-CA6411DD6835}
	EndGlobalSection
EndGlobal
